
Microsoft Visual Studio Solution File, Format Version 12.00
# Visual Studio 15
VisualStudioVersion = 15.0.27428.2037
MinimumVisualStudioVersion = 10.0.40219.1
Project("{FAE04EC0-301F-11D3-BF4B-00C04F79EFBC}") = "Viotech", "Viotech\Viotech.csproj", "{3982DEB1-2987-4BCA-BA1D-D899AB6D1D46}"
EndProject
Global
	GlobalSection(SolutionConfigurationPlatforms) = preSolution
		Debug|Any CPU = Debug|Any CPU
		Release|Any CPU = Release|Any CPU
	EndGlobalSection
	GlobalSection(ProjectConfigurationPlatforms) = postSolution
		{3982DEB1-2987-4BCA-BA1D-D899AB6D1D46}.Debug|Any CPU.ActiveCfg = Debug|Any CPU
		{3982DEB1-2987-4BCA-BA1D-D899AB6D1D46}.Debug|Any CPU.Build.0 = Debug|Any CPU
		{3982DEB1-2987-4BCA-BA1D-D899AB6D1D46}.Release|Any CPU.ActiveCfg = Release|Any CPU
		{3982DEB1-2987-4BCA-BA1D-D899AB6D1D46}.Release|Any CPU.Build.0 = Release|Any CPU
	EndGlobalSection
	GlobalSection(SolutionProperties) = preSolution
		HideSolutionNode = FALSE
	EndGlobalSection
	GlobalSection(ExtensibilityGlobals) = postSolution
		SolutionGuid = {BFC94E8C-1840-4590-A3C0-D9D0BED6DF8B}
	EndGlobalSection
EndGlobal
